
Microsoft Visual Studio Solution File, Format Version 12.00
Project("{FAE04EC0-301F-11D3-BF4B-00C04F79EFBC}") = "Lab5", "Lab5\Lab5.csproj", "{75EDE2F6-1DAD-4878-B524-B09D4361097F}"
EndProject
Project("{FAE04EC0-301F-11D3-BF4B-00C04F79EFBC}") = "Lab3", "Lab3\Lab3.csproj", "{B2AAD8AE-9413-47A6-A4D7-E5C65286C77A}"
EndProject
Project("{FAE04EC0-301F-11D3-BF4B-00C04F79EFBC}") = "Lab5Test", "Lab5Test\Lab5Test.csproj", "{459BB37A-5109-4749-9F67-6DBB4F510239}"
EndProject
Global
	GlobalSection(SolutionConfigurationPlatforms) = preSolution
		Debug|Any CPU = Debug|Any CPU
		Release|Any CPU = Release|Any CPU
	EndGlobalSection
	GlobalSection(ProjectConfigurationPlatforms) = postSolution
		{75EDE2F6-1DAD-4878-B524-B09D4361097F}.Debug|Any CPU.ActiveCfg = Debug|Any CPU
		{75EDE2F6-1DAD-4878-B524-B09D4361097F}.Debug|Any CPU.Build.0 = Debug|Any CPU
		{75EDE2F6-1DAD-4878-B524-B09D4361097F}.Release|Any CPU.ActiveCfg = Release|Any CPU
		{75EDE2F6-1DAD-4878-B524-B09D4361097F}.Release|Any CPU.Build.0 = Release|Any CPU
		{B2AAD8AE-9413-47A6-A4D7-E5C65286C77A}.Debug|Any CPU.ActiveCfg = Debug|Any CPU
		{B2AAD8AE-9413-47A6-A4D7-E5C65286C77A}.Debug|Any CPU.Build.0 = Debug|Any CPU
		{B2AAD8AE-9413-47A6-A4D7-E5C65286C77A}.Release|Any CPU.ActiveCfg = Release|Any CPU
		{B2AAD8AE-9413-47A6-A4D7-E5C65286C77A}.Release|Any CPU.Build.0 = Release|Any CPU
		{459BB37A-5109-4749-9F67-6DBB4F510239}.Debug|Any CPU.ActiveCfg = Debug|Any CPU
		{459BB37A-5109-4749-9F67-6DBB4F510239}.Debug|Any CPU.Build.0 = Debug|Any CPU
		{459BB37A-5109-4749-9F67-6DBB4F510239}.Release|Any CPU.ActiveCfg = Release|Any CPU
		{459BB37A-5109-4749-9F67-6DBB4F510239}.Release|Any CPU.Build.0 = Release|Any CPU
	EndGlobalSection
EndGlobal
